
Microsoft Visual Studio Solution File, Format Version 12.00
# Visual Studio Version 16
VisualStudioVersion = 16.0.29503.13
MinimumVisualStudioVersion = 10.0.40219.1
Project("{FAE04EC0-301F-11D3-BF4B-00C04F79EFBC}") = "FlightManagment - Basic - Part 1", "FlightManagment - Basic - Part 1\FlightManagment - Basic - Part 1.csproj", "{FB433491-64D2-4FC8-9147-F96242618971}"
EndProject
Project("{FAE04EC0-301F-11D3-BF4B-00C04F79EFBC}") = "TestForFlightManagmentProject", "TestForFlightManagmentProject\TestForFlightManagmentProject.csproj", "{277F997A-FDB7-4449-AA1F-86025A0CB7C3}"
EndProject
Project("{FAE04EC0-301F-11D3-BF4B-00C04F79EFBC}") = "FlightManagment - WebApi - Part 3", "FlightManagment - WebApi - Part 3\FlightManagment - WebApi - Part 3.csproj", "{582F80A7-97A1-40A3-9A94-B447701CA541}"
EndProject
Global
	GlobalSection(SolutionConfigurationPlatforms) = preSolution
		Debug|Any CPU = Debug|Any CPU
		Release|Any CPU = Release|Any CPU
	EndGlobalSection
	GlobalSection(ProjectConfigurationPlatforms) = postSolution
		{FB433491-64D2-4FC8-9147-F96242618971}.Debug|Any CPU.ActiveCfg = Debug|Any CPU
		{FB433491-64D2-4FC8-9147-F96242618971}.Debug|Any CPU.Build.0 = Debug|Any CPU
		{FB433491-64D2-4FC8-9147-F96242618971}.Release|Any CPU.ActiveCfg = Release|Any CPU
		{FB433491-64D2-4FC8-9147-F96242618971}.Release|Any CPU.Build.0 = Release|Any CPU
		{277F997A-FDB7-4449-AA1F-86025A0CB7C3}.Debug|Any CPU.ActiveCfg = Debug|Any CPU
		{277F997A-FDB7-4449-AA1F-86025A0CB7C3}.Debug|Any CPU.Build.0 = Debug|Any CPU
		{277F997A-FDB7-4449-AA1F-86025A0CB7C3}.Release|Any CPU.ActiveCfg = Release|Any CPU
		{277F997A-FDB7-4449-AA1F-86025A0CB7C3}.Release|Any CPU.Build.0 = Release|Any CPU
		{582F80A7-97A1-40A3-9A94-B447701CA541}.Debug|Any CPU.ActiveCfg = Debug|Any CPU
		{582F80A7-97A1-40A3-9A94-B447701CA541}.Debug|Any CPU.Build.0 = Debug|Any CPU
		{582F80A7-97A1-40A3-9A94-B447701CA541}.Release|Any CPU.ActiveCfg = Release|Any CPU
		{582F80A7-97A1-40A3-9A94-B447701CA541}.Release|Any CPU.Build.0 = Release|Any CPU
	EndGlobalSection
	GlobalSection(SolutionProperties) = preSolution
		HideSolutionNode = FALSE
	EndGlobalSection
	GlobalSection(ExtensibilityGlobals) = postSolution
		SolutionGuid = {3C55111A-D086-4CE4-9B3F-70B3E043C995}
	EndGlobalSection
EndGlobal
